
Microsoft Visual Studio Solution File, Format Version 12.00
# Visual Studio Version 17
VisualStudioVersion = 17.0.31912.275
MinimumVisualStudioVersion = 10.0.40219.1
Project("{FAE04EC0-301F-11D3-BF4B-00C04F79EFBC}") = "ExercicioTaskCafeDaManha", "ExercicioTaskCafeDaManha\ExercicioTaskCafeDaManha.csproj", "{EDC446B7-FBC7-43AE-B7BE-2197B2BEDA07}"
EndProject
Global
	GlobalSection(SolutionConfigurationPlatforms) = preSolution
		Debug|Any CPU = Debug|Any CPU
		Release|Any CPU = Release|Any CPU
	EndGlobalSection
	GlobalSection(ProjectConfigurationPlatforms) = postSolution
		{EDC446B7-FBC7-43AE-B7BE-2197B2BEDA07}.Debug|Any CPU.ActiveCfg = Debug|Any CPU
		{EDC446B7-FBC7-43AE-B7BE-2197B2BEDA07}.Debug|Any CPU.Build.0 = Debug|Any CPU
		{EDC446B7-FBC7-43AE-B7BE-2197B2BEDA07}.Release|Any CPU.ActiveCfg = Release|Any CPU
		{EDC446B7-FBC7-43AE-B7BE-2197B2BEDA07}.Release|Any CPU.Build.0 = Release|Any CPU
	EndGlobalSection
	GlobalSection(SolutionProperties) = preSolution
		HideSolutionNode = FALSE
	EndGlobalSection
	GlobalSection(ExtensibilityGlobals) = postSolution
		SolutionGuid = {CCDCF285-692F-417F-A070-023245C3622E}
	EndGlobalSection
EndGlobal
